// !$*UTF8*$!
{
	archiveVersion = 1;
	classes = {
	};
	objectVersion = 55;
	objects = {

/* Begin PBXBuildFile section */
		0E4E82E6282D4B900076EF9F /* AppDelegate.swift in Sources */ = {isa = PBXBuildFile; fileRef = 0E4E82E5282D4B900076EF9F /* AppDelegate.swift */; };
		0E4E82E8282D4B900076EF9F /* SceneDelegate.swift in Sources */ = {isa = PBXBuildFile; fileRef = 0E4E82E7282D4B900076EF9F /* SceneDelegate.swift */; };
		0E4E82EA282D4B900076EF9F /* ReminderListViewController.swift in Sources */ = {isa = PBXBuildFile; fileRef = 0E4E82E9282D4B900076EF9F /* ReminderListViewController.swift */; };
		0E4E82ED282D4B900076EF9F /* Main.storyboard in Resources */ = {isa = PBXBuildFile; fileRef = 0E4E82EB282D4B900076EF9F /* Main.storyboard */; };
		0E4E82EF282D4B910076EF9F /* Assets.xcassets in Resources */ = {isa = PBXBuildFile; fileRef = 0E4E82EE282D4B910076EF9F /* Assets.xcassets */; };
		0E4E82F2282D4B910076EF9F /* LaunchScreen.storyboard in Resources */ = {isa = PBXBuildFile; fileRef = 0E4E82F0282D4B910076EF9F /* LaunchScreen.storyboard */; };
		0E4E82FB282DE6F70076EF9F /* Reminder.swift in Sources */ = {isa = PBXBuildFile; fileRef = 0E4E82FA282DE6F70076EF9F /* Reminder.swift */; };
		0E4E82FD282E6C020076EF9F /* Date+Today.swift in Sources */ = {isa = PBXBuildFile; fileRef = 0E4E82FC282E6C020076EF9F /* Date+Today.swift */; };
		0E4E8300282E6CAA0076EF9F /* ReminderListViewController+DataSource.swift in Sources */ = {isa = PBXBuildFile; fileRef = 0E4E82FF282E6CAA0076EF9F /* ReminderListViewController+DataSource.swift */; };
		0E4E8302282E6FBC0076EF9F /* UIColor+Today.swift in Sources */ = {isa = PBXBuildFile; fileRef = 0E4E8301282E6FBC0076EF9F /* UIColor+Today.swift */; };
		0E4E8304282E9CA00076EF9F /* ReminderDoneButton.swift in Sources */ = {isa = PBXBuildFile; fileRef = 0E4E8303282E9CA00076EF9F /* ReminderDoneButton.swift */; };
		0E4E8306282E9D2C0076EF9F /* ReminderListViewController+Actions.swift in Sources */ = {isa = PBXBuildFile; fileRef = 0E4E8305282E9D2C0076EF9F /* ReminderListViewController+Actions.swift */; };
		0E4E83082830BB910076EF9F /* ReminderViewController.swift in Sources */ = {isa = PBXBuildFile; fileRef = 0E4E83072830BB910076EF9F /* ReminderViewController.swift */; };
		0E4E830B2830BDEC0076EF9F /* ReminderViewController+Row.swift in Sources */ = {isa = PBXBuildFile; fileRef = 0E4E830A2830BDEC0076EF9F /* ReminderViewController+Row.swift */; };
		0E4E830D28328CF60076EF9F /* ReminderViewController+Section.swift in Sources */ = {isa = PBXBuildFile; fileRef = 0E4E830C28328CF60076EF9F /* ReminderViewController+Section.swift */; };
/* End PBXBuildFile section */

/* Begin PBXFileReference section */
		0E4E82E2282D4B900076EF9F /* Today.app */ = {isa = PBXFileReference; explicitFileType = wrapper.application; includeInIndex = 0; path = Today.app; sourceTree = BUILT_PRODUCTS_DIR; };
		0E4E82E5282D4B900076EF9F /* AppDelegate.swift */ = {isa = PBXFileReference; lastKnownFileType = sourcecode.swift; path = AppDelegate.swift; sourceTree = "<group>"; };
		0E4E82E7282D4B900076EF9F /* SceneDelegate.swift */ = {isa = PBXFileReference; lastKnownFileType = sourcecode.swift; path = SceneDelegate.swift; sourceTree = "<group>"; };
		0E4E82E9282D4B900076EF9F /* ReminderListViewController.swift */ = {isa = PBXFileReference; lastKnownFileType = sourcecode.swift; path = ReminderListViewController.swift; sourceTree = "<group>"; };
		0E4E82EC282D4B900076EF9F /* Base */ = {isa = PBXFileReference; lastKnownFileType = file.storyboard; name = Base; path = Base.lproj/Main.storyboard; sourceTree = "<group>"; };
		0E4E82EE282D4B910076EF9F /* Assets.xcassets */ = {isa = PBXFileReference; lastKnownFileType = folder.assetcatalog; path = Assets.xcassets; sourceTree = "<group>"; };
		0E4E82F1282D4B910076EF9F /* Base */ = {isa = PBXFileReference; lastKnownFileType = file.storyboard; name = Base; path = Base.lproj/LaunchScreen.storyboard; sourceTree = "<group>"; };
		0E4E82F3282D4B910076EF9F /* Info.plist */ = {isa = PBXFileReference; lastKnownFileType = text.plist.xml; path = Info.plist; sourceTree = "<group>"; };
		0E4E82FA282DE6F70076EF9F /* Reminder.swift */ = {isa = PBXFileReference; lastKnownFileType = sourcecode.swift; path = Reminder.swift; sourceTree = "<group>"; };
		0E4E82FC282E6C020076EF9F /* Date+Today.swift */ = {isa = PBXFileReference; lastKnownFileType = sourcecode.swift; path = "Date+Today.swift"; sourceTree = "<group>"; };
		0E4E82FF282E6CAA0076EF9F /* ReminderListViewController+DataSource.swift */ = {isa = PBXFileReference; lastKnownFileType = sourcecode.swift; path = "ReminderListViewController+DataSource.swift"; sourceTree = "<group>"; };
		0E4E8301282E6FBC0076EF9F /* UIColor+Today.swift */ = {isa = PBXFileReference; fileEncoding = 4; lastKnownFileType = sourcecode.swift; path = "UIColor+Today.swift"; sourceTree = "<group>"; };
		0E4E8303282E9CA00076EF9F /* ReminderDoneButton.swift */ = {isa = PBXFileReference; lastKnownFileType = sourcecode.swift; path = ReminderDoneButton.swift; sourceTree = "<group>"; };
		0E4E8305282E9D2C0076EF9F /* ReminderListViewController+Actions.swift */ = {isa = PBXFileReference; lastKnownFileType = sourcecode.swift; path = "ReminderListViewController+Actions.swift"; sourceTree = "<group>"; };
		0E4E83072830BB910076EF9F /* ReminderViewController.swift */ = {isa = PBXFileReference; lastKnownFileType = sourcecode.swift; path = ReminderViewController.swift; sourceTree = "<group>"; };
		0E4E830A2830BDEC0076EF9F /* ReminderViewController+Row.swift */ = {isa = PBXFileReference; lastKnownFileType = sourcecode.swift; path = "ReminderViewController+Row.swift"; sourceTree = "<group>"; };
		0E4E830C28328CF60076EF9F /* ReminderViewController+Section.swift */ = {isa = PBXFileReference; lastKnownFileType = sourcecode.swift; path = "ReminderViewController+Section.swift"; sourceTree = "<group>"; };
/* End PBXFileReference section */

/* Begin PBXFrameworksBuildPhase section */
		0E4E82DF282D4B900076EF9F /* Frameworks */ = {
			isa = PBXFrameworksBuildPhase;
			buildActionMask = 2147483647;
			files = (
			);
			runOnlyForDeploymentPostprocessing = 0;
		};
/* End PBXFrameworksBuildPhase section */

/* Begin PBXGroup section */
		0E4E82D9282D4B900076EF9F = {
			isa = PBXGroup;
			children = (
				0E4E82E3282D4B900076EF9F /* Products */,
				0E4E82E4282D4B900076EF9F /* Today */,
			);
			sourceTree = "<group>";
		};
		0E4E82E3282D4B900076EF9F /* Products */ = {
			isa = PBXGroup;
			children = (
				0E4E82E2282D4B900076EF9F /* Today.app */,
			);
			name = Products;
			sourceTree = "<group>";
		};
		0E4E82E4282D4B900076EF9F /* Today */ = {
			isa = PBXGroup;
			children = (
				0E4E82F3282D4B910076EF9F /* Info.plist */,
				0E4E82E5282D4B900076EF9F /* AppDelegate.swift */,
				0E4E82E7282D4B900076EF9F /* SceneDelegate.swift */,
				0E4E82EE282D4B910076EF9F /* Assets.xcassets */,
				0E4E83092830BCDB0076EF9F /* DetailViewController */,
				0E4E82F0282D4B910076EF9F /* LaunchScreen.storyboard */,
				0E4E82FE282E6C6E0076EF9F /* ListViewController */,
				0E4E82EB282D4B900076EF9F /* Main.storyboard */,
				0E4E82F9282DE48D0076EF9F /* Models */,
			);
			path = Today;
			sourceTree = "<group>";
		};
		0E4E82F9282DE48D0076EF9F /* Models */ = {
			isa = PBXGroup;
			children = (
				0E4E8301282E6FBC0076EF9F /* UIColor+Today.swift */,
				0E4E82FA282DE6F70076EF9F /* Reminder.swift */,
				0E4E82FC282E6C020076EF9F /* Date+Today.swift */,
			);
			path = Models;
			sourceTree = "<group>";
		};
		0E4E82FE282E6C6E0076EF9F /* ListViewController */ = {
			isa = PBXGroup;
			children = (
				0E4E8303282E9CA00076EF9F /* ReminderDoneButton.swift */,
				0E4E82E9282D4B900076EF9F /* ReminderListViewController.swift */,
				0E4E82FF282E6CAA0076EF9F /* ReminderListViewController+DataSource.swift */,
				0E4E8305282E9D2C0076EF9F /* ReminderListViewController+Actions.swift */,
			);
			path = ListViewController;
			sourceTree = "<group>";
		};
		0E4E83092830BCDB0076EF9F /* DetailViewController */ = {
			isa = PBXGroup;
			children = (
				0E4E83072830BB910076EF9F /* ReminderViewController.swift */,
				0E4E830A2830BDEC0076EF9F /* ReminderViewController+Row.swift */,
				0E4E830C28328CF60076EF9F /* ReminderViewController+Section.swift */,
			);
			path = DetailViewController;
			sourceTree = "<group>";
		};
/* End PBXGroup section */

/* Begin PBXNativeTarget section */
		0E4E82E1282D4B900076EF9F /* Today */ = {
			isa = PBXNativeTarget;
			buildConfigurationList = 0E4E82F6282D4B910076EF9F /* Build configuration list for PBXNativeTarget "Today" */;
			buildPhases = (
				0E4E82DE282D4B900076EF9F /* Sources */,
				0E4E82DF282D4B900076EF9F /* Frameworks */,
				0E4E82E0282D4B900076EF9F /* Resources */,
			);
			buildRules = (
			);
			dependencies = (
			);
			name = Today;
			productName = Today;
			productReference = 0E4E82E2282D4B900076EF9F /* Today.app */;
			productType = "com.apple.product-type.application";
		};
/* End PBXNativeTarget section */

/* Begin PBXProject section */
		0E4E82DA282D4B900076EF9F /* Project object */ = {
			isa = PBXProject;
			attributes = {
				BuildIndependentTargetsInParallel = 1;
				LastSwiftUpdateCheck = 1330;
				LastUpgradeCheck = 1330;
				TargetAttributes = {
					0E4E82E1282D4B900076EF9F = {
						CreatedOnToolsVersion = 13.3.1;
					};
				};
			};
			buildConfigurationList = 0E4E82DD282D4B900076EF9F /* Build configuration list for PBXProject "Today" */;
			compatibilityVersion = "Xcode 13.0";
			developmentRegion = en;
			hasScannedForEncodings = 0;
			knownRegions = (
				en,
				Base,
			);
			mainGroup = 0E4E82D9282D4B900076EF9F;
			productRefGroup = 0E4E82E3282D4B900076EF9F /* Products */;
			projectDirPath = "";
			projectRoot = "";
			targets = (
				0E4E82E1282D4B900076EF9F /* Today */,
			);
		};
/* End PBXProject section */

/* Begin PBXResourcesBuildPhase section */
		0E4E82E0282D4B900076EF9F /* Resources */ = {
			isa = PBXResourcesBuildPhase;
			buildActionMask = 2147483647;
			files = (
				0E4E82F2282D4B910076EF9F /* LaunchScreen.storyboard in Resources */,
				0E4E82EF282D4B910076EF9F /* Assets.xcassets in Resources */,
				0E4E82ED282D4B900076EF9F /* Main.storyboard in Resources */,
			);
			runOnlyForDeploymentPostprocessing = 0;
		};
/* End PBXResourcesBuildPhase section */

/* Begin PBXSourcesBuildPhase section */
		0E4E82DE282D4B900076EF9F /* Sources */ = {
			isa = PBXSourcesBuildPhase;
			buildActionMask = 2147483647;
			files = (
				0E4E830D28328CF60076EF9F /* ReminderViewController+Section.swift in Sources */,
				0E4E8302282E6FBC0076EF9F /* UIColor+Today.swift in Sources */,
				0E4E8306282E9D2C0076EF9F /* ReminderListViewController+Actions.swift in Sources */,
				0E4E83082830BB910076EF9F /* ReminderViewController.swift in Sources */,
				0E4E82EA282D4B900076EF9F /* ReminderListViewController.swift in Sources */,
				0E4E82FD282E6C020076EF9F /* Date+Today.swift in Sources */,
				0E4E830B2830BDEC0076EF9F /* ReminderViewController+Row.swift in Sources */,
				0E4E8304282E9CA00076EF9F /* ReminderDoneButton.swift in Sources */,
				0E4E82E6282D4B900076EF9F /* AppDelegate.swift in Sources */,
				0E4E82E8282D4B900076EF9F /* SceneDelegate.swift in Sources */,
				0E4E82FB282DE6F70076EF9F /* Reminder.swift in Sources */,
				0E4E8300282E6CAA0076EF9F /* ReminderListViewController+DataSource.swift in Sources */,
			);
			runOnlyForDeploymentPostprocessing = 0;
		};
/* End PBXSourcesBuildPhase section */

/* Begin PBXVariantGroup section */
		0E4E82EB282D4B900076EF9F /* Main.storyboard */ = {
			isa = PBXVariantGroup;
			children = (
				0E4E82EC282D4B900076EF9F /* Base */,
			);
			name = Main.storyboard;
			sourceTree = "<group>";
		};
		0E4E82F0282D4B910076EF9F /* LaunchScreen.storyboard */ = {
			isa = PBXVariantGroup;
			children = (
				0E4E82F1282D4B910076EF9F /* Base */,
			);
			name = LaunchScreen.storyboard;
			sourceTree = "<group>";
		};
/* End PBXVariantGroup section */

/* Begin XCBuildConfiguration section */
		0E4E82F4282D4B910076EF9F /* Debug */ = {
			isa = XCBuildConfiguration;
			buildSettings = {
				ALWAYS_SEARCH_USER_PATHS = NO;
				CLANG_ANALYZER_NONNULL = YES;
				CLANG_ANALYZER_NUMBER_OBJECT_CONVERSION = YES_AGGRESSIVE;
				CLANG_CXX_LANGUAGE_STANDARD = "gnu++17";
				CLANG_ENABLE_MODULES = YES;
				CLANG_ENABLE_OBJC_ARC = YES;
				CLANG_ENABLE_OBJC_WEAK = YES;
				CLANG_WARN_BLOCK_CAPTURE_AUTORELEASING = YES;
				CLANG_WARN_BOOL_CONVERSION = YES;
				CLANG_WARN_COMMA = YES;
				CLANG_WARN_CONSTANT_CONVERSION = YES;
				CLANG_WARN_DEPRECATED_OBJC_IMPLEMENTATIONS = YES;
				CLANG_WARN_DIRECT_OBJC_ISA_USAGE = YES_ERROR;
				CLANG_WARN_DOCUMENTATION_COMMENTS = YES;
				CLANG_WARN_EMPTY_BODY = YES;
				CLANG_WARN_ENUM_CONVERSION = YES;
				CLANG_WARN_INFINITE_RECURSION = YES;
				CLANG_WARN_INT_CONVERSION = YES;
				CLANG_WARN_NON_LITERAL_NULL_CONVERSION = YES;
				CLANG_WARN_OBJC_IMPLICIT_RETAIN_SELF = YES;
				CLANG_WARN_OBJC_LITERAL_CONVERSION = YES;
				CLANG_WARN_OBJC_ROOT_CLASS = YES_ERROR;
				CLANG_WARN_QUOTED_INCLUDE_IN_FRAMEWORK_HEADER = YES;
				CLANG_WARN_RANGE_LOOP_ANALYSIS = YES;
				CLANG_WARN_STRICT_PROTOTYPES = YES;
				CLANG_WARN_SUSPICIOUS_MOVE = YES;
				CLANG_WARN_UNGUARDED_AVAILABILITY = YES_AGGRESSIVE;
				CLANG_WARN_UNREACHABLE_CODE = YES;
				CLANG_WARN__DUPLICATE_METHOD_MATCH = YES;
				COPY_PHASE_STRIP = NO;
				DEBUG_INFORMATION_FORMAT = dwarf;
				ENABLE_STRICT_OBJC_MSGSEND = YES;
				ENABLE_TESTABILITY = YES;
				GCC_C_LANGUAGE_STANDARD = gnu11;
				GCC_DYNAMIC_NO_PIC = NO;
				GCC_NO_COMMON_BLOCKS = YES;
				GCC_OPTIMIZATION_LEVEL = 0;
				GCC_PREPROCESSOR_DEFINITIONS = (
					"DEBUG=1",
					"$(inherited)",
				);
				GCC_WARN_64_TO_32_BIT_CONVERSION = YES;
				GCC_WARN_ABOUT_RETURN_TYPE = YES_ERROR;
				GCC_WARN_UNDECLARED_SELECTOR = YES;
				GCC_WARN_UNINITIALIZED_AUTOS = YES_AGGRESSIVE;
				GCC_WARN_UNUSED_FUNCTION = YES;
				GCC_WARN_UNUSED_VARIABLE = YES;
				IPHONEOS_DEPLOYMENT_TARGET = 15.4;
				MTL_ENABLE_DEBUG_INFO = INCLUDE_SOURCE;
				MTL_FAST_MATH = YES;
				ONLY_ACTIVE_ARCH = YES;
				SDKROOT = iphoneos;
				SWIFT_ACTIVE_COMPILATION_CONDITIONS = DEBUG;
				SWIFT_OPTIMIZATION_LEVEL = "-Onone";
			};
			name = Debug;
		};
		0E4E82F5282D4B910076EF9F /* Release */ = {
			isa = XCBuildConfiguration;
			buildSettings = {
				ALWAYS_SEARCH_USER_PATHS = NO;
				CLANG_ANALYZER_NONNULL = YES;
				CLANG_ANALYZER_NUMBER_OBJECT_CONVERSION = YES_AGGRESSIVE;
				CLANG_CXX_LANGUAGE_STANDARD = "gnu++17";
				CLANG_ENABLE_MODULES = YES;
				CLANG_ENABLE_OBJC_ARC = YES;
				CLANG_ENABLE_OBJC_WEAK = YES;
				CLANG_WARN_BLOCK_CAPTURE_AUTORELEASING = YES;
				CLANG_WARN_BOOL_CONVERSION = YES;
				CLANG_WARN_COMMA = YES;
				CLANG_WARN_CONSTANT_CONVERSION = YES;
				CLANG_WARN_DEPRECATED_OBJC_IMPLEMENTATIONS = YES;
				CLANG_WARN_DIRECT_OBJC_ISA_USAGE = YES_ERROR;
				CLANG_WARN_DOCUMENTATION_COMMENTS = YES;
				CLANG_WARN_EMPTY_BODY = YES;
				CLANG_WARN_ENUM_CONVERSION = YES;
				CLANG_WARN_INFINITE_RECURSION = YES;
				CLANG_WARN_INT_CONVERSION = YES;
				CLANG_WARN_NON_LITERAL_NULL_CONVERSION = YES;
				CLANG_WARN_OBJC_IMPLICIT_RETAIN_SELF = YES;
				CLANG_WARN_OBJC_LITERAL_CONVERSION = YES;
				CLANG_WARN_OBJC_ROOT_CLASS = YES_ERROR;
				CLANG_WARN_QUOTED_INCLUDE_IN_FRAMEWORK_HEADER = YES;
				CLANG_WARN_RANGE_LOOP_ANALYSIS = YES;
				CLANG_WARN_STRICT_PROTOTYPES = YES;
				CLANG_WARN_SUSPICIOUS_MOVE = YES;
				CLANG_WARN_UNGUARDED_AVAILABILITY = YES_AGGRESSIVE;
				CLANG_WARN_UNREACHABLE_CODE = YES;
				CLANG_WARN__DUPLICATE_METHOD_MATCH = YES;
				COPY_PHASE_STRIP = NO;
				DEBUG_INFORMATION_FORMAT = "dwarf-with-dsym";
				ENABLE_NS_ASSERTIONS = NO;
				ENABLE_STRICT_OBJC_MSGSEND = YES;
				GCC_C_LANGUAGE_STANDARD = gnu11;
				GCC_NO_COMMON_BLOCKS = YES;
				GCC_WARN_64_TO_32_BIT_CONVERSION = YES;
				GCC_WARN_ABOUT_RETURN_TYPE = YES_ERROR;
				GCC_WARN_UNDECLARED_SELECTOR = YES;
				GCC_WARN_UNINITIALIZED_AUTOS = YES_AGGRESSIVE;
				GCC_WARN_UNUSED_FUNCTION = YES;
				GCC_WARN_UNUSED_VARIABLE = YES;
				IPHONEOS_DEPLOYMENT_TARGET = 15.4;
				MTL_ENABLE_DEBUG_INFO = NO;
				MTL_FAST_MATH = YES;
				SDKROOT = iphoneos;
				SWIFT_COMPILATION_MODE = wholemodule;
				SWIFT_OPTIMIZATION_LEVEL = "-O";
				VALIDATE_PRODUCT = YES;
			};
			name = Release;
		};
		0E4E82F7282D4B910076EF9F /* Debug */ = {
			isa = XCBuildConfiguration;
			buildSettings = {
				ASSETCATALOG_COMPILER_APPICON_NAME = AppIcon;
				ASSETCATALOG_COMPILER_GLOBAL_ACCENT_COLOR_NAME = AccentColor;
				CODE_SIGN_STYLE = Automatic;
				CURRENT_PROJECT_VERSION = 1;
				DEVELOPMENT_TEAM = SD48XHRKKG;
				GENERATE_INFOPLIST_FILE = YES;
				INFOPLIST_FILE = Today/Info.plist;
				INFOPLIST_KEY_UIApplicationSupportsIndirectInputEvents = YES;
				INFOPLIST_KEY_UILaunchStoryboardName = LaunchScreen;
				INFOPLIST_KEY_UIMainStoryboardFile = Main;
				INFOPLIST_KEY_UISupportedInterfaceOrientations_iPad = "UIInterfaceOrientationPortrait UIInterfaceOrientationPortraitUpsideDown UIInterfaceOrientationLandscapeLeft UIInterfaceOrientationLandscapeRight";
				INFOPLIST_KEY_UISupportedInterfaceOrientations_iPhone = "UIInterfaceOrientationPortrait UIInterfaceOrientationLandscapeLeft UIInterfaceOrientationLandscapeRight";
				LD_RUNPATH_SEARCH_PATHS = (
					"$(inherited)",
					"@executable_path/Frameworks",
				);
				MARKETING_VERSION = 1.0;
				PRODUCT_BUNDLE_IDENTIFIER = com.example.ios.today;
				PRODUCT_NAME = "$(TARGET_NAME)";
				SWIFT_EMIT_LOC_STRINGS = YES;
				SWIFT_VERSION = 5.0;
				TARGETED_DEVICE_FAMILY = "1,2";
			};
			name = Debug;
		};
		0E4E82F8282D4B910076EF9F /* Release */ = {
			isa = XCBuildConfiguration;
			buildSettings = {
				ASSETCATALOG_COMPILER_APPICON_NAME = AppIcon;
				ASSETCATALOG_COMPILER_GLOBAL_ACCENT_COLOR_NAME = AccentColor;
				CODE_SIGN_STYLE = Automatic;
				CURRENT_PROJECT_VERSION = 1;
				DEVELOPMENT_TEAM = SD48XHRKKG;
				GENERATE_INFOPLIST_FILE = YES;
				INFOPLIST_FILE = Today/Info.plist;
				INFOPLIST_KEY_UIApplicationSupportsIndirectInputEvents = YES;
				INFOPLIST_KEY_UILaunchStoryboardName = LaunchScreen;
				INFOPLIST_KEY_UIMainStoryboardFile = Main;
				INFOPLIST_KEY_UISupportedInterfaceOrientations_iPad = "UIInterfaceOrientationPortrait UIInterfaceOrientationPortraitUpsideDown UIInterfaceOrientationLandscapeLeft UIInterfaceOrientationLandscapeRight";
				INFOPLIST_KEY_UISupportedInterfaceOrientations_iPhone = "UIInterfaceOrientationPortrait UIInterfaceOrientationLandscapeLeft UIInterfaceOrientationLandscapeRight";
				LD_RUNPATH_SEARCH_PATHS = (
					"$(inherited)",
					"@executable_path/Frameworks",
				);
				MARKETING_VERSION = 1.0;
				PRODUCT_BUNDLE_IDENTIFIER = com.example.ios.today;
				PRODUCT_NAME = "$(TARGET_NAME)";
				SWIFT_EMIT_LOC_STRINGS = YES;
				SWIFT_VERSION = 5.0;
				TARGETED_DEVICE_FAMILY = "1,2";
			};
			name = Release;
		};
/* End XCBuildConfiguration section */

/* Begin XCConfigurationList section */
		0E4E82DD282D4B900076EF9F /* Build configuration list for PBXProject "Today" */ = {
			isa = XCConfigurationList;
			buildConfigurations = (
				0E4E82F4282D4B910076EF9F /* Debug */,
				0E4E82F5282D4B910076EF9F /* Release */,
			);
			defaultConfigurationIsVisible = 0;
			defaultConfigurationName = Release;
		};
		0E4E82F6282D4B910076EF9F /* Build configuration list for PBXNativeTarget "Today" */ = {
			isa = XCConfigurationList;
			buildConfigurations = (
				0E4E82F7282D4B910076EF9F /* Debug */,
				0E4E82F8282D4B910076EF9F /* Release */,
			);
			defaultConfigurationIsVisible = 0;
			defaultConfigurationName = Release;
		};
/* End XCConfigurationList section */
	};
	rootObject = 0E4E82DA282D4B900076EF9F /* Project object */;
}
